// !$*UTF8*$!
{
	archiveVersion = 1;
	classes = {
	};
	objectVersion = 52;
	objects = {

/* Begin PBXBuildFile section */
		47F73A3C22D354A30067C4B4 /* AppDelegate.swift in Sources */ = {isa = PBXBuildFile; fileRef = 47F73A3B22D354A30067C4B4 /* AppDelegate.swift */; };
		47F73A4322D354A40067C4B4 /* Assets.xcassets in Resources */ = {isa = PBXBuildFile; fileRef = 47F73A4222D354A40067C4B4 /* Assets.xcassets */; };
		47F73A4622D354A40067C4B4 /* LaunchScreen.storyboard in Resources */ = {isa = PBXBuildFile; fileRef = 47F73A4422D354A40067C4B4 /* LaunchScreen.storyboard */; };
		90402C2A29C4D73B00721B02 /* ListItem.swift in Sources */ = {isa = PBXBuildFile; fileRef = F12C784627B1304E00A62873 /* ListItem.swift */; };
		90402C2B29C4D73E00721B02 /* ListEnvironment.swift in Sources */ = {isa = PBXBuildFile; fileRef = 9074CC43299F9B03009F008D /* ListEnvironment.swift */; };
		90402C2C29C4D73E00721B02 /* ListStore.swift in Sources */ = {isa = PBXBuildFile; fileRef = F12C786C27B2BD9600A62873 /* ListStore.swift */; };
		90402C2D29C4D74100721B02 /* ListPage.swift in Sources */ = {isa = PBXBuildFile; fileRef = F12C784327B12F8600A62873 /* ListPage.swift */; };
		90402C2E29C4D74600721B02 /* DetailsPage.swift in Sources */ = {isa = PBXBuildFile; fileRef = F175F85027C3F1E800C05114 /* DetailsPage.swift */; };
		90402C2F29C4D74800721B02 /* DetailsStore.swift in Sources */ = {isa = PBXBuildFile; fileRef = F175F85427C3F26500C05114 /* DetailsStore.swift */; };
		90402C3029C4D75000721B02 /* NewsModel.swift in Sources */ = {isa = PBXBuildFile; fileRef = 4745F6F122D360350050C939 /* NewsModel.swift */; };
		90402C3129C4D75400721B02 /* NAError.swift in Sources */ = {isa = PBXBuildFile; fileRef = 4745F6F722D361D70050C939 /* NAError.swift */; };
		90402C3229C4D75400721B02 /* NewsService.swift in Sources */ = {isa = PBXBuildFile; fileRef = 4745F6EE22D35FFA0050C939 /* NewsService.swift */; };
		90402C3329C4D75400721B02 /* Endpoint.swift in Sources */ = {isa = PBXBuildFile; fileRef = 4745F6F322D360870050C939 /* Endpoint.swift */; };
		90402C3429C4D75700721B02 /* NetworkService.swift in Sources */ = {isa = PBXBuildFile; fileRef = F197CA5727B3B74D00E74B43 /* NetworkService.swift */; };
		90402C3529C4D75A00721B02 /* Color+Extensions.swift in Sources */ = {isa = PBXBuildFile; fileRef = 9074CC47299F9D69009F008D /* Color+Extensions.swift */; };
		90402C3629C4D75A00721B02 /* String+Extensions.swift in Sources */ = {isa = PBXBuildFile; fileRef = 47C83B3222D8C2F0005DF6B8 /* String+Extensions.swift */; };
		9095281429C89472003832B5 /* Utility in Frameworks */ = {isa = PBXBuildFile; productRef = 9095281329C89472003832B5 /* Utility */; };
		90C7C39329C894E8001B4DA5 /* ComposableArchitecture in Frameworks */ = {isa = PBXBuildFile; productRef = 90C7C39229C894E8001B4DA5 /* ComposableArchitecture */; };
		F175F81427B6973B00C05114 /* AppStore.swift in Sources */ = {isa = PBXBuildFile; fileRef = F175F81327B6973B00C05114 /* AppStore.swift */; };
		F175F81627B6974200C05114 /* App.swift in Sources */ = {isa = PBXBuildFile; fileRef = F175F81527B6974200C05114 /* App.swift */; };
		F175F81827B6993D00C05114 /* AppView.swift in Sources */ = {isa = PBXBuildFile; fileRef = F175F81727B6993D00C05114 /* AppView.swift */; };
		F175F81B27B69A6300C05114 /* AppEnvironment.swift in Sources */ = {isa = PBXBuildFile; fileRef = F175F81A27B69A6300C05114 /* AppEnvironment.swift */; };
/* End PBXBuildFile section */

/* Begin PBXCopyFilesBuildPhase section */
		F12C783E27B1293000A62873 /* Embed Frameworks */ = {
			isa = PBXCopyFilesBuildPhase;
			buildActionMask = 2147483647;
			dstPath = "";
			dstSubfolderSpec = 10;
			files = (
			);
			name = "Embed Frameworks";
			runOnlyForDeploymentPostprocessing = 0;
		};
/* End PBXCopyFilesBuildPhase section */

/* Begin PBXFileReference section */
		4745F6EE22D35FFA0050C939 /* NewsService.swift */ = {isa = PBXFileReference; lastKnownFileType = sourcecode.swift; path = NewsService.swift; sourceTree = "<group>"; };
		4745F6F122D360350050C939 /* NewsModel.swift */ = {isa = PBXFileReference; lastKnownFileType = sourcecode.swift; path = NewsModel.swift; sourceTree = "<group>"; };
		4745F6F322D360870050C939 /* Endpoint.swift */ = {isa = PBXFileReference; lastKnownFileType = sourcecode.swift; path = Endpoint.swift; sourceTree = "<group>"; };
		4745F6F722D361D70050C939 /* NAError.swift */ = {isa = PBXFileReference; lastKnownFileType = sourcecode.swift; path = NAError.swift; sourceTree = "<group>"; };
		47C83B3222D8C2F0005DF6B8 /* String+Extensions.swift */ = {isa = PBXFileReference; lastKnownFileType = sourcecode.swift; path = "String+Extensions.swift"; sourceTree = "<group>"; };
		47F73A3822D354A30067C4B4 /* NewsApp.app */ = {isa = PBXFileReference; explicitFileType = wrapper.application; includeInIndex = 0; path = NewsApp.app; sourceTree = BUILT_PRODUCTS_DIR; };
		47F73A3B22D354A30067C4B4 /* AppDelegate.swift */ = {isa = PBXFileReference; lastKnownFileType = sourcecode.swift; path = AppDelegate.swift; sourceTree = "<group>"; };
		47F73A4222D354A40067C4B4 /* Assets.xcassets */ = {isa = PBXFileReference; lastKnownFileType = folder.assetcatalog; path = Assets.xcassets; sourceTree = "<group>"; };
		47F73A4522D354A40067C4B4 /* Base */ = {isa = PBXFileReference; lastKnownFileType = file.storyboard; name = Base; path = Base.lproj/LaunchScreen.storyboard; sourceTree = "<group>"; };
		47F73A4722D354A40067C4B4 /* Info.plist */ = {isa = PBXFileReference; lastKnownFileType = text.plist.xml; path = Info.plist; sourceTree = "<group>"; };
		9074CC43299F9B03009F008D /* ListEnvironment.swift */ = {isa = PBXFileReference; lastKnownFileType = sourcecode.swift; path = ListEnvironment.swift; sourceTree = "<group>"; };
		9074CC47299F9D69009F008D /* Color+Extensions.swift */ = {isa = PBXFileReference; lastKnownFileType = sourcecode.swift; path = "Color+Extensions.swift"; sourceTree = "<group>"; };
		9095281129C89296003832B5 /* NewsApplication */ = {isa = PBXFileReference; lastKnownFileType = wrapper; path = NewsApplication; sourceTree = "<group>"; };
		F12C784327B12F8600A62873 /* ListPage.swift */ = {isa = PBXFileReference; lastKnownFileType = sourcecode.swift; path = ListPage.swift; sourceTree = "<group>"; };
		F12C784627B1304E00A62873 /* ListItem.swift */ = {isa = PBXFileReference; lastKnownFileType = sourcecode.swift; path = ListItem.swift; sourceTree = "<group>"; };
		F12C786C27B2BD9600A62873 /* ListStore.swift */ = {isa = PBXFileReference; lastKnownFileType = sourcecode.swift; path = ListStore.swift; sourceTree = "<group>"; };
		F175F81327B6973B00C05114 /* AppStore.swift */ = {isa = PBXFileReference; lastKnownFileType = sourcecode.swift; path = AppStore.swift; sourceTree = "<group>"; };
		F175F81527B6974200C05114 /* App.swift */ = {isa = PBXFileReference; lastKnownFileType = sourcecode.swift; path = App.swift; sourceTree = "<group>"; };
		F175F81727B6993D00C05114 /* AppView.swift */ = {isa = PBXFileReference; lastKnownFileType = sourcecode.swift; path = AppView.swift; sourceTree = "<group>"; };
		F175F81A27B69A6300C05114 /* AppEnvironment.swift */ = {isa = PBXFileReference; lastKnownFileType = sourcecode.swift; path = AppEnvironment.swift; sourceTree = "<group>"; };
		F175F85027C3F1E800C05114 /* DetailsPage.swift */ = {isa = PBXFileReference; lastKnownFileType = sourcecode.swift; path = DetailsPage.swift; sourceTree = "<group>"; };
		F175F85427C3F26500C05114 /* DetailsStore.swift */ = {isa = PBXFileReference; lastKnownFileType = sourcecode.swift; path = DetailsStore.swift; sourceTree = "<group>"; };
		F197CA5727B3B74D00E74B43 /* NetworkService.swift */ = {isa = PBXFileReference; lastKnownFileType = sourcecode.swift; path = NetworkService.swift; sourceTree = "<group>"; };
/* End PBXFileReference section */

/* Begin PBXFrameworksBuildPhase section */
		47F73A3522D354A30067C4B4 /* Frameworks */ = {
			isa = PBXFrameworksBuildPhase;
			buildActionMask = 2147483647;
			files = (
				90C7C39329C894E8001B4DA5 /* ComposableArchitecture in Frameworks */,
				9095281429C89472003832B5 /* Utility in Frameworks */,
			);
			runOnlyForDeploymentPostprocessing = 0;
		};
/* End PBXFrameworksBuildPhase section */

/* Begin PBXGroup section */
		473F561A22D3595900387020 /* Utility */ = {
			isa = PBXGroup;
			children = (
			);
			path = Utility;
			sourceTree = "<group>";
		};
		4745F6EB22D35FC70050C939 /* Service */ = {
			isa = PBXGroup;
			children = (
				F12C786F27B3B63900A62873 /* Networking */,
				4745F6EE22D35FFA0050C939 /* NewsService.swift */,
				4745F6F722D361D70050C939 /* NAError.swift */,
				4745F6F322D360870050C939 /* Endpoint.swift */,
			);
			path = Service;
			sourceTree = "<group>";
		};
		4745F6F022D360260050C939 /* Model */ = {
			isa = PBXGroup;
			children = (
				4745F6F122D360350050C939 /* NewsModel.swift */,
			);
			path = Model;
			sourceTree = "<group>";
		};
		47C02B6722D37E8E00CE98B4 /* Extensions */ = {
			isa = PBXGroup;
			children = (
				47C83B3222D8C2F0005DF6B8 /* String+Extensions.swift */,
				9074CC47299F9D69009F008D /* Color+Extensions.swift */,
			);
			path = Extensions;
			sourceTree = "<group>";
		};
		47F73A2F22D354A30067C4B4 = {
			isa = PBXGroup;
			children = (
				9095281129C89296003832B5 /* NewsApplication */,
				47F73A3A22D354A30067C4B4 /* NewsApp */,
				47F73A3922D354A30067C4B4 /* Products */,
				9095281229C89472003832B5 /* Frameworks */,
			);
			sourceTree = "<group>";
		};
		47F73A3922D354A30067C4B4 /* Products */ = {
			isa = PBXGroup;
			children = (
				47F73A3822D354A30067C4B4 /* NewsApp.app */,
			);
			name = Products;
			sourceTree = "<group>";
		};
		47F73A3A22D354A30067C4B4 /* NewsApp */ = {
			isa = PBXGroup;
			children = (
				47F73A3B22D354A30067C4B4 /* AppDelegate.swift */,
				F175F81527B6974200C05114 /* App.swift */,
				F175F81227B6972C00C05114 /* App */,
				F12C784227B12F6F00A62873 /* ListPage */,
				F175F83F27C3F18300C05114 /* DetailsPage */,
				4745F6F022D360260050C939 /* Model */,
				4745F6EB22D35FC70050C939 /* Service */,
				47C02B6722D37E8E00CE98B4 /* Extensions */,
				473F561A22D3595900387020 /* Utility */,
				47FE097122D76CB200638B49 /* Resources */,
				47F73A4722D354A40067C4B4 /* Info.plist */,
			);
			path = NewsApp;
			sourceTree = "<group>";
		};
		47FE097122D76CB200638B49 /* Resources */ = {
			isa = PBXGroup;
			children = (
				47F73A4222D354A40067C4B4 /* Assets.xcassets */,
				47F73A4422D354A40067C4B4 /* LaunchScreen.storyboard */,
			);
			path = Resources;
			sourceTree = "<group>";
		};
		9095281229C89472003832B5 /* Frameworks */ = {
			isa = PBXGroup;
			children = (
			);
			name = Frameworks;
			sourceTree = "<group>";
		};
		F12C784227B12F6F00A62873 /* ListPage */ = {
			isa = PBXGroup;
			children = (
				F12C784327B12F8600A62873 /* ListPage.swift */,
				F175F82127BBCB9500C05114 /* ListStore */,
				F12C784527B1303E00A62873 /* ListItem */,
			);
			path = ListPage;
			sourceTree = "<group>";
		};
		F12C784527B1303E00A62873 /* ListItem */ = {
			isa = PBXGroup;
			children = (
				F12C784627B1304E00A62873 /* ListItem.swift */,
			);
			path = ListItem;
			sourceTree = "<group>";
		};
		F12C786F27B3B63900A62873 /* Networking */ = {
			isa = PBXGroup;
			children = (
				F197CA5727B3B74D00E74B43 /* NetworkService.swift */,
			);
			path = Networking;
			sourceTree = "<group>";
		};
		F175F81227B6972C00C05114 /* App */ = {
			isa = PBXGroup;
			children = (
				F175F81727B6993D00C05114 /* AppView.swift */,
				F175F81927B69A5300C05114 /* AppStore */,
			);
			path = App;
			sourceTree = "<group>";
		};
		F175F81927B69A5300C05114 /* AppStore */ = {
			isa = PBXGroup;
			children = (
				F175F81327B6973B00C05114 /* AppStore.swift */,
				F175F81A27B69A6300C05114 /* AppEnvironment.swift */,
			);
			path = AppStore;
			sourceTree = "<group>";
		};
		F175F82127BBCB9500C05114 /* ListStore */ = {
			isa = PBXGroup;
			children = (
				F12C786C27B2BD9600A62873 /* ListStore.swift */,
				9074CC43299F9B03009F008D /* ListEnvironment.swift */,
			);
			path = ListStore;
			sourceTree = "<group>";
		};
		F175F83F27C3F18300C05114 /* DetailsPage */ = {
			isa = PBXGroup;
			children = (
				F175F85027C3F1E800C05114 /* DetailsPage.swift */,
				F175F85327C3F25800C05114 /* DetailsStore */,
			);
			path = DetailsPage;
			sourceTree = "<group>";
		};
		F175F85327C3F25800C05114 /* DetailsStore */ = {
			isa = PBXGroup;
			children = (
				F175F85427C3F26500C05114 /* DetailsStore.swift */,
			);
			path = DetailsStore;
			sourceTree = "<group>";
		};
/* End PBXGroup section */

/* Begin PBXNativeTarget section */
		47F73A3722D354A30067C4B4 /* NewsApp */ = {
			isa = PBXNativeTarget;
			buildConfigurationList = 47F73A4A22D354A40067C4B4 /* Build configuration list for PBXNativeTarget "NewsApp" */;
			buildPhases = (
				47F73A3422D354A30067C4B4 /* Sources */,
				47F73A3522D354A30067C4B4 /* Frameworks */,
				47F73A3622D354A30067C4B4 /* Resources */,
				F12C783E27B1293000A62873 /* Embed Frameworks */,
			);
			buildRules = (
			);
			dependencies = (
			);
			name = NewsApp;
			packageProductDependencies = (
				9095281329C89472003832B5 /* Utility */,
				90C7C39229C894E8001B4DA5 /* ComposableArchitecture */,
			);
			productName = NewsApp;
			productReference = 47F73A3822D354A30067C4B4 /* NewsApp.app */;
			productType = "com.apple.product-type.application";
		};
/* End PBXNativeTarget section */

/* Begin PBXProject section */
		47F73A3022D354A30067C4B4 /* Project object */ = {
			isa = PBXProject;
			attributes = {
				CLASSPREFIX = NA;
				LastSwiftUpdateCheck = 1020;
				LastUpgradeCheck = 1020;
				ORGANIZATIONNAME = "Dmitry Lupich";
				TargetAttributes = {
					47F73A3722D354A30067C4B4 = {
						CreatedOnToolsVersion = 10.2.1;
					};
				};
			};
			buildConfigurationList = 47F73A3322D354A30067C4B4 /* Build configuration list for PBXProject "NewsApp" */;
			compatibilityVersion = "Xcode 10.0";
			developmentRegion = en;
			hasScannedForEncodings = 0;
			knownRegions = (
				en,
				Base,
			);
			mainGroup = 47F73A2F22D354A30067C4B4;
			packageReferences = (
				90402C3A29C4D79500721B02 /* XCRemoteSwiftPackageReference "swift-composable-architecture" */,
			);
			productRefGroup = 47F73A3922D354A30067C4B4 /* Products */;
			projectDirPath = "";
			projectRoot = "";
			targets = (
				47F73A3722D354A30067C4B4 /* NewsApp */,
			);
		};
/* End PBXProject section */

/* Begin PBXResourcesBuildPhase section */
		47F73A3622D354A30067C4B4 /* Resources */ = {
			isa = PBXResourcesBuildPhase;
			buildActionMask = 2147483647;
			files = (
				47F73A4622D354A40067C4B4 /* LaunchScreen.storyboard in Resources */,
				47F73A4322D354A40067C4B4 /* Assets.xcassets in Resources */,
			);
			runOnlyForDeploymentPostprocessing = 0;
		};
/* End PBXResourcesBuildPhase section */

/* Begin PBXSourcesBuildPhase section */
		47F73A3422D354A30067C4B4 /* Sources */ = {
			isa = PBXSourcesBuildPhase;
			buildActionMask = 2147483647;
			files = (
				90402C3229C4D75400721B02 /* NewsService.swift in Sources */,
				90402C2F29C4D74800721B02 /* DetailsStore.swift in Sources */,
				F175F81627B6974200C05114 /* App.swift in Sources */,
				90402C2B29C4D73E00721B02 /* ListEnvironment.swift in Sources */,
				90402C2A29C4D73B00721B02 /* ListItem.swift in Sources */,
				90402C3429C4D75700721B02 /* NetworkService.swift in Sources */,
				47F73A3C22D354A30067C4B4 /* AppDelegate.swift in Sources */,
				90402C2D29C4D74100721B02 /* ListPage.swift in Sources */,
				F175F81827B6993D00C05114 /* AppView.swift in Sources */,
				F175F81B27B69A6300C05114 /* AppEnvironment.swift in Sources */,
				90402C3529C4D75A00721B02 /* Color+Extensions.swift in Sources */,
				90402C3329C4D75400721B02 /* Endpoint.swift in Sources */,
				90402C3629C4D75A00721B02 /* String+Extensions.swift in Sources */,
				90402C3029C4D75000721B02 /* NewsModel.swift in Sources */,
				F175F81427B6973B00C05114 /* AppStore.swift in Sources */,
				90402C2C29C4D73E00721B02 /* ListStore.swift in Sources */,
				90402C2E29C4D74600721B02 /* DetailsPage.swift in Sources */,
				90402C3129C4D75400721B02 /* NAError.swift in Sources */,
			);
			runOnlyForDeploymentPostprocessing = 0;
		};
/* End PBXSourcesBuildPhase section */

/* Begin PBXVariantGroup section */
		47F73A4422D354A40067C4B4 /* LaunchScreen.storyboard */ = {
			isa = PBXVariantGroup;
			children = (
				47F73A4522D354A40067C4B4 /* Base */,
			);
			name = LaunchScreen.storyboard;
			sourceTree = "<group>";
		};
/* End PBXVariantGroup section */

/* Begin XCBuildConfiguration section */
		47F73A4822D354A40067C4B4 /* Debug */ = {
			isa = XCBuildConfiguration;
			buildSettings = {
				ALWAYS_SEARCH_USER_PATHS = NO;
				CLANG_ANALYZER_NONNULL = YES;
				CLANG_ANALYZER_NUMBER_OBJECT_CONVERSION = YES_AGGRESSIVE;
				CLANG_CXX_LANGUAGE_STANDARD = "gnu++14";
				CLANG_CXX_LIBRARY = "libc++";
				CLANG_ENABLE_MODULES = YES;
				CLANG_ENABLE_OBJC_ARC = YES;
				CLANG_ENABLE_OBJC_WEAK = YES;
				CLANG_WARN_BLOCK_CAPTURE_AUTORELEASING = YES;
				CLANG_WARN_BOOL_CONVERSION = YES;
				CLANG_WARN_COMMA = YES;
				CLANG_WARN_CONSTANT_CONVERSION = YES;
				CLANG_WARN_DEPRECATED_OBJC_IMPLEMENTATIONS = YES;
				CLANG_WARN_DIRECT_OBJC_ISA_USAGE = YES_ERROR;
				CLANG_WARN_DOCUMENTATION_COMMENTS = YES;
				CLANG_WARN_EMPTY_BODY = YES;
				CLANG_WARN_ENUM_CONVERSION = YES;
				CLANG_WARN_INFINITE_RECURSION = YES;
				CLANG_WARN_INT_CONVERSION = YES;
				CLANG_WARN_NON_LITERAL_NULL_CONVERSION = YES;
				CLANG_WARN_OBJC_IMPLICIT_RETAIN_SELF = YES;
				CLANG_WARN_OBJC_LITERAL_CONVERSION = YES;
				CLANG_WARN_OBJC_ROOT_CLASS = YES_ERROR;
				CLANG_WARN_RANGE_LOOP_ANALYSIS = YES;
				CLANG_WARN_STRICT_PROTOTYPES = YES;
				CLANG_WARN_SUSPICIOUS_MOVE = YES;
				CLANG_WARN_UNGUARDED_AVAILABILITY = YES_AGGRESSIVE;
				CLANG_WARN_UNREACHABLE_CODE = YES;
				CLANG_WARN__DUPLICATE_METHOD_MATCH = YES;
				CODE_SIGN_IDENTITY = "iPhone Developer";
				COPY_PHASE_STRIP = NO;
				DEBUG_INFORMATION_FORMAT = dwarf;
				ENABLE_STRICT_OBJC_MSGSEND = YES;
				ENABLE_TESTABILITY = YES;
				GCC_C_LANGUAGE_STANDARD = gnu11;
				GCC_DYNAMIC_NO_PIC = NO;
				GCC_NO_COMMON_BLOCKS = YES;
				GCC_OPTIMIZATION_LEVEL = 0;
				GCC_PREPROCESSOR_DEFINITIONS = (
					"DEBUG=1",
					"$(inherited)",
				);
				GCC_WARN_64_TO_32_BIT_CONVERSION = YES;
				GCC_WARN_ABOUT_RETURN_TYPE = YES_ERROR;
				GCC_WARN_UNDECLARED_SELECTOR = YES;
				GCC_WARN_UNINITIALIZED_AUTOS = YES_AGGRESSIVE;
				GCC_WARN_UNUSED_FUNCTION = YES;
				GCC_WARN_UNUSED_VARIABLE = YES;
				IPHONEOS_DEPLOYMENT_TARGET = 14.0;
				MTL_ENABLE_DEBUG_INFO = INCLUDE_SOURCE;
				MTL_FAST_MATH = YES;
				ONLY_ACTIVE_ARCH = YES;
				SDKROOT = iphoneos;
				SWIFT_ACTIVE_COMPILATION_CONDITIONS = DEBUG;
				SWIFT_OPTIMIZATION_LEVEL = "-Onone";
			};
			name = Debug;
		};
		47F73A4922D354A40067C4B4 /* Release */ = {
			isa = XCBuildConfiguration;
			buildSettings = {
				ALWAYS_SEARCH_USER_PATHS = NO;
				CLANG_ANALYZER_NONNULL = YES;
				CLANG_ANALYZER_NUMBER_OBJECT_CONVERSION = YES_AGGRESSIVE;
				CLANG_CXX_LANGUAGE_STANDARD = "gnu++14";
				CLANG_CXX_LIBRARY = "libc++";
				CLANG_ENABLE_MODULES = YES;
				CLANG_ENABLE_OBJC_ARC = YES;
				CLANG_ENABLE_OBJC_WEAK = YES;
				CLANG_WARN_BLOCK_CAPTURE_AUTORELEASING = YES;
				CLANG_WARN_BOOL_CONVERSION = YES;
				CLANG_WARN_COMMA = YES;
				CLANG_WARN_CONSTANT_CONVERSION = YES;
				CLANG_WARN_DEPRECATED_OBJC_IMPLEMENTATIONS = YES;
				CLANG_WARN_DIRECT_OBJC_ISA_USAGE = YES_ERROR;
				CLANG_WARN_DOCUMENTATION_COMMENTS = YES;
				CLANG_WARN_EMPTY_BODY = YES;
				CLANG_WARN_ENUM_CONVERSION = YES;
				CLANG_WARN_INFINITE_RECURSION = YES;
				CLANG_WARN_INT_CONVERSION = YES;
				CLANG_WARN_NON_LITERAL_NULL_CONVERSION = YES;
				CLANG_WARN_OBJC_IMPLICIT_RETAIN_SELF = YES;
				CLANG_WARN_OBJC_LITERAL_CONVERSION = YES;
				CLANG_WARN_OBJC_ROOT_CLASS = YES_ERROR;
				CLANG_WARN_RANGE_LOOP_ANALYSIS = YES;
				CLANG_WARN_STRICT_PROTOTYPES = YES;
				CLANG_WARN_SUSPICIOUS_MOVE = YES;
				CLANG_WARN_UNGUARDED_AVAILABILITY = YES_AGGRESSIVE;
				CLANG_WARN_UNREACHABLE_CODE = YES;
				CLANG_WARN__DUPLICATE_METHOD_MATCH = YES;
				CODE_SIGN_IDENTITY = "iPhone Developer";
				COPY_PHASE_STRIP = NO;
				DEBUG_INFORMATION_FORMAT = "dwarf-with-dsym";
				ENABLE_NS_ASSERTIONS = NO;
				ENABLE_STRICT_OBJC_MSGSEND = YES;
				GCC_C_LANGUAGE_STANDARD = gnu11;
				GCC_NO_COMMON_BLOCKS = YES;
				GCC_WARN_64_TO_32_BIT_CONVERSION = YES;
				GCC_WARN_ABOUT_RETURN_TYPE = YES_ERROR;
				GCC_WARN_UNDECLARED_SELECTOR = YES;
				GCC_WARN_UNINITIALIZED_AUTOS = YES_AGGRESSIVE;
				GCC_WARN_UNUSED_FUNCTION = YES;
				GCC_WARN_UNUSED_VARIABLE = YES;
				IPHONEOS_DEPLOYMENT_TARGET = 14.0;
				MTL_ENABLE_DEBUG_INFO = NO;
				MTL_FAST_MATH = YES;
				SDKROOT = iphoneos;
				SWIFT_COMPILATION_MODE = wholemodule;
				SWIFT_OPTIMIZATION_LEVEL = "-O";
				VALIDATE_PRODUCT = YES;
			};
			name = Release;
		};
		47F73A4B22D354A40067C4B4 /* Debug */ = {
			isa = XCBuildConfiguration;
			buildSettings = {
				ALWAYS_EMBED_SWIFT_STANDARD_LIBRARIES = YES;
				ASSETCATALOG_COMPILER_APPICON_NAME = AppIcon;
				CODE_SIGN_STYLE = Automatic;
				DEVELOPMENT_TEAM = R2AYB7993E;
				INFOPLIST_FILE = NewsApp/Info.plist;
				IPHONEOS_DEPLOYMENT_TARGET = 16.0;
				LD_RUNPATH_SEARCH_PATHS = (
					"$(inherited)",
					"@executable_path/Frameworks",
				);
				PRODUCT_BUNDLE_IDENTIFIER = DmitryLupich.NewsApp;
				PRODUCT_NAME = "$(TARGET_NAME)";
				SWIFT_VERSION = 4.2;
				TARGETED_DEVICE_FAMILY = "1,2";
			};
			name = Debug;
		};
		47F73A4C22D354A40067C4B4 /* Release */ = {
			isa = XCBuildConfiguration;
			buildSettings = {
				ALWAYS_EMBED_SWIFT_STANDARD_LIBRARIES = YES;
				ASSETCATALOG_COMPILER_APPICON_NAME = AppIcon;
				CODE_SIGN_STYLE = Automatic;
				DEVELOPMENT_TEAM = R2AYB7993E;
				INFOPLIST_FILE = NewsApp/Info.plist;
				IPHONEOS_DEPLOYMENT_TARGET = 16.0;
				LD_RUNPATH_SEARCH_PATHS = (
					"$(inherited)",
					"@executable_path/Frameworks",
				);
				PRODUCT_BUNDLE_IDENTIFIER = DmitryLupich.NewsApp;
				PRODUCT_NAME = "$(TARGET_NAME)";
				SWIFT_VERSION = 4.2;
				TARGETED_DEVICE_FAMILY = "1,2";
			};
			name = Release;
		};
/* End XCBuildConfiguration section */

/* Begin XCConfigurationList section */
		47F73A3322D354A30067C4B4 /* Build configuration list for PBXProject "NewsApp" */ = {
			isa = XCConfigurationList;
			buildConfigurations = (
				47F73A4822D354A40067C4B4 /* Debug */,
				47F73A4922D354A40067C4B4 /* Release */,
			);
			defaultConfigurationIsVisible = 0;
			defaultConfigurationName = Release;
		};
		47F73A4A22D354A40067C4B4 /* Build configuration list for PBXNativeTarget "NewsApp" */ = {
			isa = XCConfigurationList;
			buildConfigurations = (
				47F73A4B22D354A40067C4B4 /* Debug */,
				47F73A4C22D354A40067C4B4 /* Release */,
			);
			defaultConfigurationIsVisible = 0;
			defaultConfigurationName = Release;
		};
/* End XCConfigurationList section */

/* Begin XCRemoteSwiftPackageReference section */
		90402C3A29C4D79500721B02 /* XCRemoteSwiftPackageReference "swift-composable-architecture" */ = {
			isa = XCRemoteSwiftPackageReference;
			repositoryURL = "https://github.com/pointfreeco/swift-composable-architecture";
			requirement = {
				kind = upToNextMajorVersion;
				minimumVersion = 0.9.0;
			};
		};
/* End XCRemoteSwiftPackageReference section */

/* Begin XCSwiftPackageProductDependency section */
		9095281329C89472003832B5 /* Utility */ = {
			isa = XCSwiftPackageProductDependency;
			productName = Utility;
		};
		90C7C39229C894E8001B4DA5 /* ComposableArchitecture */ = {
			isa = XCSwiftPackageProductDependency;
			package = 90402C3A29C4D79500721B02 /* XCRemoteSwiftPackageReference "swift-composable-architecture" */;
			productName = ComposableArchitecture;
		};
/* End XCSwiftPackageProductDependency section */
	};
	rootObject = 47F73A3022D354A30067C4B4 /* Project object */;
}
